
Microsoft Visual Studio Solution File, Format Version 12.00
# Visual Studio Version 17
VisualStudioVersion = 17.11.35431.28
MinimumVisualStudioVersion = 10.0.40219.1
Project("{FAE04EC0-301F-11D3-BF4B-00C04F79EFBC}") = "Curriculum", "Curriculum\Curriculum.csproj", "{4462BF43-22A8-4BE9-8D6C-7F8E7EB56E9A}"
EndProject
Global
	GlobalSection(SolutionConfigurationPlatforms) = preSolution
		Debug|Any CPU = Debug|Any CPU
		Release|Any CPU = Release|Any CPU
	EndGlobalSection
	GlobalSection(ProjectConfigurationPlatforms) = postSolution
		{4462BF43-22A8-4BE9-8D6C-7F8E7EB56E9A}.Debug|Any CPU.ActiveCfg = Debug|Any CPU
		{4462BF43-22A8-4BE9-8D6C-7F8E7EB56E9A}.Debug|Any CPU.Build.0 = Debug|Any CPU
		{4462BF43-22A8-4BE9-8D6C-7F8E7EB56E9A}.Release|Any CPU.ActiveCfg = Release|Any CPU
		{4462BF43-22A8-4BE9-8D6C-7F8E7EB56E9A}.Release|Any CPU.Build.0 = Release|Any CPU
	EndGlobalSection
	GlobalSection(SolutionProperties) = preSolution
		HideSolutionNode = FALSE
	EndGlobalSection
	GlobalSection(ExtensibilityGlobals) = postSolution
		SolutionGuid = {3BB67300-72C7-4464-885E-99FDE3D43697}
	EndGlobalSection
EndGlobal
